
Microsoft Visual Studio Solution File, Format Version 12.00
# Visual Studio 15
VisualStudioVersion = 15.0.28010.2016
MinimumVisualStudioVersion = 10.0.40219.1
Project("{8BC9CEB8-8B4A-11D0-8D11-00A0C91BC942}") = "ButtonMasher", "ButtonMasher.vcxproj", "{BE646AA2-FF6A-4164-9E1F-0D2F0E4BAC0B}"
EndProject
Global
	GlobalSection(SolutionConfigurationPlatforms) = preSolution
		Debug|x64 = Debug|x64
		Debug|x86 = Debug|x86
		Release|x64 = Release|x64
		Release|x86 = Release|x86
	EndGlobalSection
	GlobalSection(ProjectConfigurationPlatforms) = postSolution
		{BE646AA2-FF6A-4164-9E1F-0D2F0E4BAC0B}.Debug|x64.ActiveCfg = Debug|x64
		{BE646AA2-FF6A-4164-9E1F-0D2F0E4BAC0B}.Debug|x64.Build.0 = Debug|x64
		{BE646AA2-FF6A-4164-9E1F-0D2F0E4BAC0B}.Debug|x86.ActiveCfg = Debug|Win32
		{BE646AA2-FF6A-4164-9E1F-0D2F0E4BAC0B}.Debug|x86.Build.0 = Debug|Win32
		{BE646AA2-FF6A-4164-9E1F-0D2F0E4BAC0B}.Release|x64.ActiveCfg = Release|x64
		{BE646AA2-FF6A-4164-9E1F-0D2F0E4BAC0B}.Release|x64.Build.0 = Release|x64
		{BE646AA2-FF6A-4164-9E1F-0D2F0E4BAC0B}.Release|x86.ActiveCfg = Release|Win32
		{BE646AA2-FF6A-4164-9E1F-0D2F0E4BAC0B}.Release|x86.Build.0 = Release|Win32
	EndGlobalSection
	GlobalSection(SolutionProperties) = preSolution
		HideSolutionNode = FALSE
	EndGlobalSection
	GlobalSection(ExtensibilityGlobals) = postSolution
		SolutionGuid = {4D5376E3-7A84-4062-96F6-69E911E4C706}
	EndGlobalSection
EndGlobal
